
Microsoft Visual Studio Solution File, Format Version 12.00
# Visual Studio Version 16
VisualStudioVersion = 16.0.32413.511
MinimumVisualStudioVersion = 10.0.40219.1
Project("{9A19103F-16F7-4668-BE54-9A1E7A4F7556}") = "PsychTesting", "PsychTesting.csproj", "{D0725C89-D08F-43E0-90CE-435C5373DCDD}"
EndProject
Project("{54435603-DBB4-11D2-8724-00A0C9A8B90C}") = "PsychTesting Installer", "..\PsychTesting Installer\PsychTesting Installer.vdproj", "{21D5B91C-B688-4EA5-8E05-15D8FF9E33F6}"
EndProject
Global
	GlobalSection(SolutionConfigurationPlatforms) = preSolution
		Debug|Any CPU = Debug|Any CPU
		Release|Any CPU = Release|Any CPU
	EndGlobalSection
	GlobalSection(ProjectConfigurationPlatforms) = postSolution
		{D0725C89-D08F-43E0-90CE-435C5373DCDD}.Debug|Any CPU.ActiveCfg = Debug|Any CPU
		{D0725C89-D08F-43E0-90CE-435C5373DCDD}.Debug|Any CPU.Build.0 = Debug|Any CPU
		{D0725C89-D08F-43E0-90CE-435C5373DCDD}.Release|Any CPU.ActiveCfg = Release|Any CPU
		{D0725C89-D08F-43E0-90CE-435C5373DCDD}.Release|Any CPU.Build.0 = Release|Any CPU
		{21D5B91C-B688-4EA5-8E05-15D8FF9E33F6}.Debug|Any CPU.ActiveCfg = Debug
		{21D5B91C-B688-4EA5-8E05-15D8FF9E33F6}.Release|Any CPU.ActiveCfg = Release
	EndGlobalSection
	GlobalSection(SolutionProperties) = preSolution
		HideSolutionNode = FALSE
	EndGlobalSection
	GlobalSection(ExtensibilityGlobals) = postSolution
		SolutionGuid = {97088C6D-6E1D-4183-912F-28CC6849B07D}
	EndGlobalSection
EndGlobal
